packages:
- package: godatadriven/dbt_date
  name: dbt_date
  version: 0.17.2
- package: metaplane/dbt_expectations
  name: dbt_expectations
  version: 0.10.10
- package: get-select/dbt_query_tags
  name: dbt_query_tags
  version: 3.1.0
- package: dbt-labs/dbt_utils
  name: dbt_utils
  version: 1.3.3
sha1_hash: 196e0978d3143312ff8bcab513c7349869b6b664
